
Microsoft Visual Studio Solution File, Format Version 12.00
# Visual Studio Version 16
VisualStudioVersion = 16.0.32602.291
MinimumVisualStudioVersion = 10.0.40219.1
Project("{8BC9CEB8-8B4A-11D0-8D11-00A0C91BC942}") = "git", "git\git.vcxproj", "{D8DEE12C-C171-460F-90AD-967F552F7270}"
EndProject
Global
	GlobalSection(SolutionConfigurationPlatforms) = preSolution
		Debug|x64 = Debug|x64
		Debug|x86 = Debug|x86
		Release|x64 = Release|x64
		Release|x86 = Release|x86
	EndGlobalSection
	GlobalSection(ProjectConfigurationPlatforms) = postSolution
		{D8DEE12C-C171-460F-90AD-967F552F7270}.Debug|x64.ActiveCfg = Debug|x64
		{D8DEE12C-C171-460F-90AD-967F552F7270}.Debug|x64.Build.0 = Debug|x64
		{D8DEE12C-C171-460F-90AD-967F552F7270}.Debug|x86.ActiveCfg = Debug|Win32
		{D8DEE12C-C171-460F-90AD-967F552F7270}.Debug|x86.Build.0 = Debug|Win32
		{D8DEE12C-C171-460F-90AD-967F552F7270}.Release|x64.ActiveCfg = Release|x64
		{D8DEE12C-C171-460F-90AD-967F552F7270}.Release|x64.Build.0 = Release|x64
		{D8DEE12C-C171-460F-90AD-967F552F7270}.Release|x86.ActiveCfg = Release|Win32
		{D8DEE12C-C171-460F-90AD-967F552F7270}.Release|x86.Build.0 = Release|Win32
	EndGlobalSection
	GlobalSection(SolutionProperties) = preSolution
		HideSolutionNode = FALSE
	EndGlobalSection
	GlobalSection(ExtensibilityGlobals) = postSolution
		SolutionGuid = {B2A09ADB-4EC7-41B8-8FEB-EB5A14A5D17E}
	EndGlobalSection
EndGlobal
